{
  "name": "tcpproxytest",
  "version": "1.0.0",
  "lockfileVersion": 1,
  "requires": true,
  "dependencies": {
    "@hapi/boom": {
      "version": "10.0.1",
      "resolved": "https://meditech.jfrog.io/artifactory/api/npm/npm/@hapi/boom/-/boom-10.0.1.tgz",
      "integrity": "sha512-ERcCZaEjdH3OgSJlyjVk8pHIFeus91CjKP3v+MpgBNp5IvGzP2l/bRiD78nqYcKPaZdbKkK5vDBVPd2ohHBlsA==",
      "requires": {
        "@hapi/hoek": "^11.0.2"
      },
      "dependencies": {
        "@hapi/hoek": {
          "version": "11.0.2",
          "resolved": "https://meditech.jfrog.io/artifactory/api/npm/npm/@hapi/hoek/-/hoek-11.0.2.tgz",
          "integrity": "sha512-aKmlCO57XFZ26wso4rJsW4oTUnrgTFw2jh3io7CAtO9w4UltBNwRXvXIVzzyfkaaLRo3nluP/19msA8vDUUuKw=="
        }
      }
    },
    "@hapi/bourne": {
      "version": "3.0.0",
      "resolved": "https://meditech.jfrog.io/artifactory/api/npm/npm/@hapi/bourne/-/bourne-3.0.0.tgz",
      "integrity": "sha512-Waj1cwPXJDucOib4a3bAISsKJVb15MKi9IvmTI/7ssVEm6sywXGjVJDhl6/umt1pK1ZS7PacXU3A1PmFKHEZ2w=="
    },
    "@hapi/hoek": {
      "version": "10.0.1",
      "resolved": "https://meditech.jfrog.io/artifactory/api/npm/npm/@hapi/hoek/-/hoek-10.0.1.tgz",
      "integrity": "sha512-CvlW7jmOhWzuqOqiJQ3rQVLMcREh0eel4IBnxDx2FAcK8g7qoJRQK4L1CPBASoCY6y8e6zuCy3f2g+HWdkzcMw=="
    },
    "@hapi/topo": {
      "version": "5.1.0",
      "resolved": "https://meditech.jfrog.io/artifactory/api/npm/npm/@hapi/topo/-/topo-5.1.0.tgz",
      "integrity": "sha512-foQZKJig7Ob0BMAYBfcJk8d77QtOe7Wo4ox7ff1lQYoNNAb6jwcY1ncdoy2e9wQZzvNy7ODZCYJkK8kzmcAnAg==",
      "requires": {
        "@hapi/hoek": "^9.0.0"
      },
      "dependencies": {
        "@hapi/hoek": {
          "version": "9.3.0",
          "resolved": "https://meditech.jfrog.io/artifactory/api/npm/npm/@hapi/hoek/-/hoek-9.3.0.tgz",
          "integrity": "sha512-/c6rf4UJlmHlC9b5BaNvzAcFv7HZ2QHaV0D4/HNlBdvFnvQq8RI4kYdhyPCl7Xj+oWvTWQ8ujhqS53LIgAe6KQ=="
        }
      }
    },
    "@hapi/wreck": {
      "version": "18.0.1",
      "resolved": "https://meditech.jfrog.io/artifactory/api/npm/npm/@hapi/wreck/-/wreck-18.0.1.tgz",
      "integrity": "sha512-OLHER70+rZxvDl75xq3xXOfd3e8XIvz8fWY0dqg92UvhZ29zo24vQgfqgHSYhB5ZiuFpSLeriOisAlxAo/1jWg==",
      "requires": {
        "@hapi/boom": "^10.0.1",
        "@hapi/bourne": "^3.0.0",
        "@hapi/hoek": "^11.0.2"
      },
      "dependencies": {
        "@hapi/hoek": {
          "version": "11.0.2",
          "resolved": "https://meditech.jfrog.io/artifactory/api/npm/npm/@hapi/hoek/-/hoek-11.0.2.tgz",
          "integrity": "sha512-aKmlCO57XFZ26wso4rJsW4oTUnrgTFw2jh3io7CAtO9w4UltBNwRXvXIVzzyfkaaLRo3nluP/19msA8vDUUuKw=="
        }
      }
    },
    "@sideway/address": {
      "version": "4.1.4",
      "resolved": "https://meditech.jfrog.io/artifactory/api/npm/npm/@sideway/address/-/address-4.1.4.tgz",
      "integrity": "sha512-7vwq+rOHVWjyXxVlR76Agnvhy8I9rpzjosTESvmhNeXOXdZZB15Fl+TI9x1SiHZH5Jv2wTGduSxFDIaq0m3DUw==",
      "requires": {
        "@hapi/hoek": "^9.0.0"
      },
      "dependencies": {
        "@hapi/hoek": {
          "version": "9.3.0",
          "resolved": "https://meditech.jfrog.io/artifactory/api/npm/npm/@hapi/hoek/-/hoek-9.3.0.tgz",
          "integrity": "sha512-/c6rf4UJlmHlC9b5BaNvzAcFv7HZ2QHaV0D4/HNlBdvFnvQq8RI4kYdhyPCl7Xj+oWvTWQ8ujhqS53LIgAe6KQ=="
        }
      }
    },
    "@sideway/formula": {
      "version": "3.0.1",
      "resolved": "https://meditech.jfrog.io/artifactory/api/npm/npm/@sideway/formula/-/formula-3.0.1.tgz",
      "integrity": "sha512-/poHZJJVjx3L+zVD6g9KgHfYnb443oi7wLu/XKojDviHy6HOEOA6z1Trk5aR1dGcmPenJEgb2sK2I80LeS3MIg=="
    },
    "@sideway/pinpoint": {
      "version": "2.0.0",
      "resolved": "https://meditech.jfrog.io/artifactory/api/npm/npm/@sideway/pinpoint/-/pinpoint-2.0.0.tgz",
      "integrity": "sha512-RNiOoTPkptFtSVzQevY/yWtZwf/RxyVnPy/OcA9HBM3MlGDnBEYL5B41H0MTn0Uec8Hi+2qUtTfG2WWZBmMejQ=="
    },
    "@types/node": {
      "version": "20.4.5",
      "resolved": "https://meditech.jfrog.io/artifactory/api/npm/npm/@types/node/-/node-20.4.5.tgz",
      "integrity": "sha512-rt40Nk13II9JwQBdeYqmbn2Q6IVTA5uPhvSO+JVqdXw/6/4glI6oR9ezty/A9Hg5u7JH4OmYmuQ+XvjKm0Datg==",
      "dev": true
    },
    "@types/simple-oauth2": {
      "version": "5.0.4",
      "resolved": "https://meditech.jfrog.io/artifactory/api/npm/npm/@types/simple-oauth2/-/simple-oauth2-5.0.4.tgz",
      "integrity": "sha512-4SvTfmAa1fGUa1d07j9vIiC4o92bGh0ihPXmtS05udMMmNwVIaU2nZ706cC4wI8cJxOlHD4P/d5tzqvWYd+KxA==",
      "dev": true
    },
    "data-uri-to-buffer": {
      "version": "4.0.1",
      "resolved": "https://meditech.jfrog.io/artifactory/api/npm/npm/data-uri-to-buffer/-/data-uri-to-buffer-4.0.1.tgz",
      "integrity": "sha512-0R9ikRb668HB7QDxT1vkpuUBtqc53YyAwMwGeUFKRojY/NWKvdZ+9UYtRfGmhqNbRkTSVpMbmyhXipFFv2cb/A=="
    },
    "debug": {
      "version": "4.3.4",
      "resolved": "https://meditech.jfrog.io/artifactory/api/npm/npm/debug/-/debug-4.3.4.tgz",
      "integrity": "sha512-PRWFHuSU3eDtQJPvnNY7Jcket1j0t5OuOsFzPPzsekD52Zl8qUfFIPEiswXqIvHWGVHOgX+7G/vCNNhehwxfkQ==",
      "requires": {
        "ms": "2.1.2"
      }
    },
    "fetch-blob": {
      "version": "3.2.0",
      "resolved": "https://meditech.jfrog.io/artifactory/api/npm/npm/fetch-blob/-/fetch-blob-3.2.0.tgz",
      "integrity": "sha512-7yAQpD2UMJzLi1Dqv7qFYnPbaPx7ZfFK6PiIxQ4PfkGPyNyl2Ugx+a/umUonmKqjhM4DnfbMvdX6otXq83soQQ==",
      "requires": {
        "node-domexception": "^1.0.0",
        "web-streams-polyfill": "^3.0.3"
      }
    },
    "formdata-polyfill": {
      "version": "4.0.10",
      "resolved": "https://meditech.jfrog.io/artifactory/api/npm/npm/formdata-polyfill/-/formdata-polyfill-4.0.10.tgz",
      "integrity": "sha512-buewHzMvYL29jdeQTVILecSaZKnt/RJWjoZCF5OW60Z67/GmSLBkOFM7qh1PI3zFNtJbaZL5eQu1vLfazOwj4g==",
      "requires": {
        "fetch-blob": "^3.1.2"
      }
    },
    "joi": {
      "version": "17.9.2",
      "resolved": "https://meditech.jfrog.io/artifactory/api/npm/npm/joi/-/joi-17.9.2.tgz",
      "integrity": "sha512-Itk/r+V4Dx0V3c7RLFdRh12IOjySm2/WGPMubBT92cQvRfYZhPM2W0hZlctjj72iES8jsRCwp7S/cRmWBnJ4nw==",
      "requires": {
        "@hapi/hoek": "^9.0.0",
        "@hapi/topo": "^5.0.0",
        "@sideway/address": "^4.1.3",
        "@sideway/formula": "^3.0.1",
        "@sideway/pinpoint": "^2.0.0"
      },
      "dependencies": {
        "@hapi/hoek": {
          "version": "9.3.0",
          "resolved": "https://meditech.jfrog.io/artifactory/api/npm/npm/@hapi/hoek/-/hoek-9.3.0.tgz",
          "integrity": "sha512-/c6rf4UJlmHlC9b5BaNvzAcFv7HZ2QHaV0D4/HNlBdvFnvQq8RI4kYdhyPCl7Xj+oWvTWQ8ujhqS53LIgAe6KQ=="
        }
      }
    },
    "ms": {
      "version": "2.1.2",
      "resolved": "https://meditech.jfrog.io/artifactory/api/npm/npm/ms/-/ms-2.1.2.tgz",
      "integrity": "sha512-sGkPx+VjMtmA6MX27oA4FBFELFCZZ4S4XqeGOXCv68tT+jb3vk/RyaKWP0PTKyWtmLSM0b+adUTEvbs1PEaH2w=="
    },
    "node-domexception": {
      "version": "1.0.0",
      "resolved": "https://meditech.jfrog.io/artifactory/api/npm/npm/node-domexception/-/node-domexception-1.0.0.tgz",
      "integrity": "sha512-/jKZoMpw0F8GRwl4/eLROPA3cfcXtLApP0QzLmUT/HuPCZWyB7IY9ZrMeKw2O/nFIqPQB3PVM9aYm0F312AXDQ=="
    },
    "node-fetch": {
      "version": "3.3.2",
      "resolved": "https://meditech.jfrog.io/artifactory/api/npm/npm/node-fetch/-/node-fetch-3.3.2.tgz",
      "integrity": "sha512-dRB78srN/l6gqWulah9SrxeYnxeddIG30+GOqK/9OlLVyLg3HPnr6SqOWTWOXKRwC2eGYCkZ59NNuSgvSrpgOA==",
      "requires": {
        "data-uri-to-buffer": "^4.0.0",
        "fetch-blob": "^3.1.4",
        "formdata-polyfill": "^4.0.10"
      }
    },
    "simple-oauth2": {
      "version": "5.0.0",
      "resolved": "https://meditech.jfrog.io/artifactory/api/npm/npm/simple-oauth2/-/simple-oauth2-5.0.0.tgz",
      "integrity": "sha512-8291lo/z5ZdpmiOFzOs1kF3cxn22bMj5FFH+DNUppLJrpoIlM1QnFiE7KpshHu3J3i21TVcx4yW+gXYjdCKDLQ==",
      "requires": {
        "@hapi/hoek": "^10.0.1",
        "@hapi/wreck": "^18.0.0",
        "debug": "^4.3.4",
        "joi": "^17.6.4"
      }
    },
    "typescript": {
      "version": "5.1.6",
      "resolved": "https://meditech.jfrog.io/artifactory/api/npm/npm/typescript/-/typescript-5.1.6.tgz",
      "integrity": "sha512-zaWCozRZ6DLEWAWFrVDz1H6FVXzUSfTy5FUMWsQlU8Ym5JP9eO4xkTIROFCQvhQf61z6O/G6ugw3SgAnvvm+HA==",
      "dev": true
    },
    "web-streams-polyfill": {
      "version": "3.2.1",
      "resolved": "https://meditech.jfrog.io/artifactory/api/npm/npm/web-streams-polyfill/-/web-streams-polyfill-3.2.1.tgz",
      "integrity": "sha512-e0MO3wdXWKrLbL0DgGnUV7WHVuw9OUvL4hjgnPkIeEvESk74gAITi5G606JtZPp39cd8HA9VQzCIvA49LpPN5Q=="
    }
  }
}
